github.com/doors-dev/gox v0.1.28 h1:kI9hK+UA1SWqWiL6UUOd4YMC/5BJ31uOqoAQx1sys2M=
github.com/doors-dev/gox v0.1.28/go.mod h1:8kgAyI7zQ29c/PlcnmR15Hv+fQqpgJvJfN3tnGn7t5o=
github.com/gammazero/deque v1.2.1 h1:9fnQVFCCZ9/NOc7ccTNqzoKd1tCWOqeI05/lPqFPMGQ=
github.com/gammazero/deque v1.2.1/go.mod h1:5nSFkzVm+afG9+gy0VIowlqVAW4N8zNcMne+CMQVD2g=
